
Microsoft Visual Studio Solution File, Format Version 12.00
# Visual Studio Version 17
VisualStudioVersion = 17.14.36705.20
MinimumVisualStudioVersion = 10.0.40219.1
Project("{FAE04EC0-301F-11D3-BF4B-00C04F79EFBC}") = "MrGraph", "MrGraph\MrGraph.csproj", "{D171AFFC-99A2-DF99-5331-BAD75FFD5185}"
EndProject
Project("{FAE04EC0-301F-11D3-BF4B-00C04F79EFBC}") = "MrGraph.Desktop", "MrGraph.Desktop\MrGraph.Desktop.csproj", "{D9F1CB77-BB85-3AFB-5082-61977F4A4553}"
EndProject
Global
	GlobalSection(SolutionConfigurationPlatforms) = preSolution
		Debug|Any CPU = Debug|Any CPU
		Release|Any CPU = Release|Any CPU
	EndGlobalSection
	GlobalSection(ProjectConfigurationPlatforms) = postSolution
		{D171AFFC-99A2-DF99-5331-BAD75FFD5185}.Debug|Any CPU.ActiveCfg = Debug|Any CPU
		{D171AFFC-99A2-DF99-5331-BAD75FFD5185}.Debug|Any CPU.Build.0 = Debug|Any CPU
		{D171AFFC-99A2-DF99-5331-BAD75FFD5185}.Release|Any CPU.ActiveCfg = Release|Any CPU
		{D171AFFC-99A2-DF99-5331-BAD75FFD5185}.Release|Any CPU.Build.0 = Release|Any CPU
		{D9F1CB77-BB85-3AFB-5082-61977F4A4553}.Debug|Any CPU.ActiveCfg = Debug|Any CPU
		{D9F1CB77-BB85-3AFB-5082-61977F4A4553}.Debug|Any CPU.Build.0 = Debug|Any CPU
		{D9F1CB77-BB85-3AFB-5082-61977F4A4553}.Release|Any CPU.ActiveCfg = Release|Any CPU
		{D9F1CB77-BB85-3AFB-5082-61977F4A4553}.Release|Any CPU.Build.0 = Release|Any CPU
	EndGlobalSection
	GlobalSection(SolutionProperties) = preSolution
		HideSolutionNode = FALSE
	EndGlobalSection
	GlobalSection(ExtensibilityGlobals) = postSolution
		SolutionGuid = {DBCDD78A-3471-4879-9771-73B2242CA350}
	EndGlobalSection
EndGlobal
